
Microsoft Visual Studio Solution File, Format Version 12.00
# Visual Studio Version 17
VisualStudioVersion = 17.0.31903.59
MinimumVisualStudioVersion = 10.0.40219.1
Project("{FAE04EC0-301F-11D3-BF4B-00C04F79EFBC}") = "Fava", "Fava\Fava.csproj", "{BE0CAC04-324C-4946-97D7-18C86071580A}"
EndProject
Project("{2150E333-8FDC-42A3-9474-1A3956D46DE8}") = "tests", "tests", "{22F5BB34-18C8-4443-8037-E07211DEF792}"
EndProject
Project("{FAE04EC0-301F-11D3-BF4B-00C04F79EFBC}") = "Fava.Tests", "tests\Fava.Tests\Fava.Tests.csproj", "{B3DC87D6-169B-4868-B72A-66522ADD1EFA}"
EndProject
Global
	GlobalSection(SolutionConfigurationPlatforms) = preSolution
		Debug|Any CPU = Debug|Any CPU
		Release|Any CPU = Release|Any CPU
	EndGlobalSection
	GlobalSection(SolutionProperties) = preSolution
		HideSolutionNode = FALSE
	EndGlobalSection
	GlobalSection(ProjectConfigurationPlatforms) = postSolution
		{BE0CAC04-324C-4946-97D7-18C86071580A}.Debug|Any CPU.ActiveCfg = Debug|Any CPU
		{BE0CAC04-324C-4946-97D7-18C86071580A}.Debug|Any CPU.Build.0 = Debug|Any CPU
		{BE0CAC04-324C-4946-97D7-18C86071580A}.Release|Any CPU.ActiveCfg = Release|Any CPU
		{BE0CAC04-324C-4946-97D7-18C86071580A}.Release|Any CPU.Build.0 = Release|Any CPU
		{B3DC87D6-169B-4868-B72A-66522ADD1EFA}.Debug|Any CPU.ActiveCfg = Debug|Any CPU
		{B3DC87D6-169B-4868-B72A-66522ADD1EFA}.Debug|Any CPU.Build.0 = Debug|Any CPU
		{B3DC87D6-169B-4868-B72A-66522ADD1EFA}.Release|Any CPU.ActiveCfg = Release|Any CPU
		{B3DC87D6-169B-4868-B72A-66522ADD1EFA}.Release|Any CPU.Build.0 = Release|Any CPU
	EndGlobalSection
	GlobalSection(NestedProjects) = preSolution
		{B3DC87D6-169B-4868-B72A-66522ADD1EFA} = {22F5BB34-18C8-4443-8037-E07211DEF792}
	EndGlobalSection
EndGlobal
